schema: '2.0'
stages:
  extract:
    cmd: python ./src/01_extraction.py
    deps:
    - path: data/chip/cov/norm
      md5: f013c1781789f57d1a4332f301d60884.dir
      size: 2423115006
      nfiles: 28
    - path: data/genome/saccer3_sgd_2mu.fa
      md5: 844239f437f058f7da5dda8c09462679
      size: 12366275
    - path: data/hic/loops_tes_ctl.bed
      md5: 46ba9df9823500a6e72712b73d0939f5
      size: 16577
    - path: src/01_extraction.py
      md5: c8ee709fcfc3878325c6591952565d3e
      size: 1344
    outs:
    - path: outputs/loops_extracted.pkl
      md5: 029bcd578dceaabd8d4c2b3d7d1ffcc1
      size: 38066901
  embedding:
    cmd: python ./src/00_train_embedding.py
    deps:
    - path: data/genome/saccer3_sgd_2mu.fa
      md5: 844239f437f058f7da5dda8c09462679
      size: 12366275
    - path: src/00_train_embedding.py
      md5: d2a9b08712babb70638d240f3ce9e3a2
      size: 2405
    outs:
    - path: outputs/embeddings/yeast_bpe_tokenizer.json
      md5: fba56ddaaa1fddde99001fd1a73fe23d
      size: 1061082
    - path: outputs/embeddings/yeast_w2v_embedding.vec
      md5: 2c320cf415e840a05c4dca2bbe036650
      size: 48140091
  feature_eng:
    cmd: python ./src/02_feature_eng.py
    deps:
    - path: outputs/embeddings/yeast_bpe_tokenizer.json
      md5: fba56ddaaa1fddde99001fd1a73fe23d
      size: 1061082
    - path: outputs/embeddings/yeast_w2v_embedding.vec
      md5: 2c320cf415e840a05c4dca2bbe036650
      size: 48140091
    - path: outputs/loops_extracted.pkl
      md5: 029bcd578dceaabd8d4c2b3d7d1ffcc1
      size: 38066901
    - path: src/02_feature_eng.py
      md5: ac0ad038c91a1cf38a8a30ec74dacd9e
      size: 2051
    outs:
    - path: outputs/loops_features.pkl
      md5: eec46774e03b5d81c62446f1bc228787
      size: 39374637
